lockVersion: 2.0.0
id: f8cbcd65-bab7-4ff4-9dc0-b1b2e776def9
management:
  docChecksum: a394825e1c1bc4930882a784d6d637e8
  docVersion: 1.0.0
  speakeasyVersion: internal
  generationVersion: 2.262.2
  releaseVersion: 4.1.1
  configChecksum: 8c1cbeea3ed70ecf1d38f7f9e1eb6445
  repoURL: https://github.com/wingspanHQ/client-sdk-csharp.git
  repoSubDirectory: payments
  published: true
features:
  csharp:
    core: 3.3.2
    flattening: 2.81.1
    globalSecurity: 2.83.1
    globalServerURLs: 2.82.2
generatedFiles:
  - WingspanPayments/BenefitsEnrollment.cs
  - WingspanPayments/BenefitsService.cs
  - WingspanPayments/SDK.cs
  - WingspanPayments/Utils/BigIntSerializer.cs
  - WingspanPayments/Utils/DecimalSerializer.cs
  - WingspanPayments/Utils/EnumSerializer.cs
  - WingspanPayments/Utils/FlexibleObjectDeserializer.cs
  - WingspanPayments/Utils/HeaderSerializer.cs
  - WingspanPayments/Utils/IsoDateTimeSerializer.cs
  - WingspanPayments/Utils/RequestBodySerializer.cs
  - WingspanPayments/Utils/SecuritySerializer.cs
  - WingspanPayments/Utils/SpeakeasyHttpClient.cs
  - WingspanPayments/Utils/SpeakeasyMetadata.cs
  - WingspanPayments/Utils/URLBuilder.cs
  - WingspanPayments/Utils/Utilities.cs
  - WingspanPayments/WingspanPayments.csproj
  - WingspanPayments.sln
  - WingspanPayments/Models/Operations/GetBenefitsEnrollmentIdRequest.cs
  - WingspanPayments/Models/Operations/GetBenefitsEnrollmentIdResponse.cs
  - WingspanPayments/Models/Operations/GetBenefitsPlanEnrollmentResponse.cs
  - WingspanPayments/Models/Operations/GetBenefitsPlanEnrollmentIdRequest.cs
  - WingspanPayments/Models/Operations/GetBenefitsPlanEnrollmentIdResponse.cs
  - WingspanPayments/Models/Operations/GetBenefitsServiceResponse.cs
  - WingspanPayments/Models/Operations/PatchBenefitsServiceIdRequest.cs
  - WingspanPayments/Models/Operations/PatchBenefitsServiceIdResponse.cs
  - WingspanPayments/Models/Shared/Enrollment.cs
  - WingspanPayments/Models/Shared/E974d9e9e5676123cf56d2fd858ece1c24be8be15b96a100963b7cb1afada329Status.cs
  - WingspanPayments/Models/Shared/E974d9e9e5676123cf56d2fd858ece1c24be8be15b96a100963b7cb1afada329.cs
  - WingspanPayments/Models/Shared/PlanType.cs
  - WingspanPayments/Models/Shared/Status.cs
  - WingspanPayments/Models/Shared/PlanEnrollment.cs
  - WingspanPayments/Models/Shared/UserRoles.cs
  - WingspanPayments/Models/Shared/FundingStatus.cs
  - WingspanPayments/Models/Shared/PlanEnrollmentCoverageMonth.cs
  - WingspanPayments/Models/Shared/A71f30be878693b235f8c5f1650be03c9920ca9821526545760476436104c9dc.cs
  - WingspanPayments/Models/Shared/ServiceState.cs
  - WingspanPayments/Models/Shared/ServiceEnablementResponse.cs
  - WingspanPayments/Models/Shared/ServiceEnablementUpdate.cs
  - WingspanPayments/Models/Shared/Security.cs
  - docs/Models/Operations/GetBenefitsEnrollmentIdRequest.md
  - docs/Models/Operations/GetBenefitsEnrollmentIdResponse.md
  - docs/Models/Operations/GetBenefitsPlanEnrollmentResponse.md
  - docs/Models/Operations/GetBenefitsPlanEnrollmentIdRequest.md
  - docs/Models/Operations/GetBenefitsPlanEnrollmentIdResponse.md
  - docs/Models/Operations/GetBenefitsServiceResponse.md
  - docs/Models/Operations/PatchBenefitsServiceIdRequest.md
  - docs/Models/Operations/PatchBenefitsServiceIdResponse.md
  - docs/Models/Shared/Enrollment.md
  - docs/Models/Shared/E974d9e9e5676123cf56d2fd858ece1c24be8be15b96a100963b7cb1afada329Status.md
  - docs/Models/Shared/E974d9e9e5676123cf56d2fd858ece1c24be8be15b96a100963b7cb1afada329.md
  - docs/Models/Shared/PlanType.md
  - docs/Models/Shared/Status.md
  - docs/Models/Shared/PlanEnrollment.md
  - docs/Models/Shared/UserRoles.md
  - docs/Models/Shared/FundingStatus.md
  - docs/Models/Shared/PlanEnrollmentCoverageMonth.md
  - docs/Models/Shared/A71f30be878693b235f8c5f1650be03c9920ca9821526545760476436104c9dc.md
  - docs/Models/Shared/ServiceState.md
  - docs/Models/Shared/ServiceEnablementResponse.md
  - docs/Models/Shared/ServiceEnablementUpdate.md
  - docs/Models/Shared/Security.md
  - USAGE.md
  - .gitattributes
