lockVersion: 2.0.0
id: 272c5feb-1a4b-4510-8395-77e922824a42
management:
  docChecksum: a394825e1c1bc4930882a784d6d637e8
  docVersion: 1.0.0
  speakeasyVersion: 1.221.0
  generationVersion: 2.287.0
  releaseVersion: 4.2.2
  configChecksum: 768c5944a15e0dc15d7dd53896b35d38
  repoURL: https://github.com/wingspanHQ/client-sdk-csharp.git
  repoSubDirectory: users
  published: true
features:
  csharp:
    core: 3.4.3
    flattening: 2.81.1
    globalSecurity: 2.83.4
    globalServerURLs: 2.82.3
generatedFiles:
  - WingspanUsers/BenefitsEnrollment.cs
  - WingspanUsers/BenefitsService.cs
  - WingspanUsers/SDK.cs
  - global.json
  - WingspanUsers/Utils/BigIntSerializer.cs
  - WingspanUsers/Utils/DecimalSerializer.cs
  - WingspanUsers/Utils/EnumSerializer.cs
  - WingspanUsers/Utils/FlexibleObjectDeserializer.cs
  - WingspanUsers/Utils/HeaderSerializer.cs
  - WingspanUsers/Utils/IsoDateTimeSerializer.cs
  - WingspanUsers/Utils/RequestBodySerializer.cs
  - WingspanUsers/Utils/SecuritySerializer.cs
  - WingspanUsers/Utils/SpeakeasyHttpClient.cs
  - WingspanUsers/Utils/SpeakeasyMetadata.cs
  - WingspanUsers/Utils/URLBuilder.cs
  - WingspanUsers/Utils/Utilities.cs
  - WingspanUsers/WingspanUsers.csproj
  - WingspanUsers.sln
  - WingspanUsers/Models/Operations/GetBenefitsEnrollmentIdRequest.cs
  - WingspanUsers/Models/Operations/GetBenefitsEnrollmentIdResponse.cs
  - WingspanUsers/Models/Operations/GetBenefitsPlanEnrollmentResponse.cs
  - WingspanUsers/Models/Operations/GetBenefitsPlanEnrollmentIdRequest.cs
  - WingspanUsers/Models/Operations/GetBenefitsPlanEnrollmentIdResponse.cs
  - WingspanUsers/Models/Operations/GetBenefitsServiceResponse.cs
  - WingspanUsers/Models/Operations/PatchBenefitsServiceIdRequest.cs
  - WingspanUsers/Models/Operations/PatchBenefitsServiceIdResponse.cs
  - WingspanUsers/Models/Shared/Enrollment.cs
  - WingspanUsers/Models/Shared/E974d9e9e5676123cf56d2fd858ece1c24be8be15b96a100963b7cb1afada329Status.cs
  - WingspanUsers/Models/Shared/E974d9e9e5676123cf56d2fd858ece1c24be8be15b96a100963b7cb1afada329.cs
  - WingspanUsers/Models/Shared/PlanType.cs
  - WingspanUsers/Models/Shared/Status.cs
  - WingspanUsers/Models/Shared/PlanEnrollment.cs
  - WingspanUsers/Models/Shared/UserRoles.cs
  - WingspanUsers/Models/Shared/FundingStatus.cs
  - WingspanUsers/Models/Shared/PlanEnrollmentCoverageMonth.cs
  - WingspanUsers/Models/Shared/A71f30be878693b235f8c5f1650be03c9920ca9821526545760476436104c9dc.cs
  - WingspanUsers/Models/Shared/ServiceState.cs
  - WingspanUsers/Models/Shared/ServiceEnablementResponse.cs
  - WingspanUsers/Models/Shared/ServiceEnablementUpdate.cs
  - WingspanUsers/Models/Shared/Security.cs
  - docs/Models/Operations/GetBenefitsEnrollmentIdRequest.md
  - docs/Models/Operations/GetBenefitsEnrollmentIdResponse.md
  - docs/Models/Operations/GetBenefitsPlanEnrollmentResponse.md
  - docs/Models/Operations/GetBenefitsPlanEnrollmentIdRequest.md
  - docs/Models/Operations/GetBenefitsPlanEnrollmentIdResponse.md
  - docs/Models/Operations/GetBenefitsServiceResponse.md
  - docs/Models/Operations/PatchBenefitsServiceIdRequest.md
  - docs/Models/Operations/PatchBenefitsServiceIdResponse.md
  - docs/Models/Shared/Enrollment.md
  - docs/Models/Shared/E974d9e9e5676123cf56d2fd858ece1c24be8be15b96a100963b7cb1afada329Status.md
  - docs/Models/Shared/E974d9e9e5676123cf56d2fd858ece1c24be8be15b96a100963b7cb1afada329.md
  - docs/Models/Shared/PlanType.md
  - docs/Models/Shared/Status.md
  - docs/Models/Shared/PlanEnrollment.md
  - docs/Models/Shared/UserRoles.md
  - docs/Models/Shared/FundingStatus.md
  - docs/Models/Shared/PlanEnrollmentCoverageMonth.md
  - docs/Models/Shared/A71f30be878693b235f8c5f1650be03c9920ca9821526545760476436104c9dc.md
  - docs/Models/Shared/ServiceState.md
  - docs/Models/Shared/ServiceEnablementResponse.md
  - docs/Models/Shared/ServiceEnablementUpdate.md
  - docs/Models/Shared/Security.md
  - USAGE.md
  - .gitattributes
